
Microsoft Visual Studio Solution File, Format Version 12.00
# Visual Studio Version 16
VisualStudioVersion = 16.0.30204.135
MinimumVisualStudioVersion = 10.0.40219.1
Project("{FAE04EC0-301F-11D3-BF4B-00C04F79EFBC}") = "CSharpAssignment2", "CSharpAssignment2\CSharpAssignment2.csproj", "{371E24A7-C2FF-471C-9729-2D50AC3DF7CE}"
EndProject
Project("{FAE04EC0-301F-11D3-BF4B-00C04F79EFBC}") = "CSharpAssignment2.Tests", "CSharpAssignment2.Tests\CSharpAssignment2.Tests.csproj", "{D87B3615-84C0-4B4D-BA5C-3B9C5898804A}"
EndProject
Global
	GlobalSection(SolutionConfigurationPlatforms) = preSolution
		Debug|Any CPU = Debug|Any CPU
		Release|Any CPU = Release|Any CPU
	EndGlobalSection
	GlobalSection(ProjectConfigurationPlatforms) = postSolution
		{371E24A7-C2FF-471C-9729-2D50AC3DF7CE}.Debug|Any CPU.ActiveCfg = Debug|Any CPU
		{371E24A7-C2FF-471C-9729-2D50AC3DF7CE}.Debug|Any CPU.Build.0 = Debug|Any CPU
		{371E24A7-C2FF-471C-9729-2D50AC3DF7CE}.Release|Any CPU.ActiveCfg = Release|Any CPU
		{371E24A7-C2FF-471C-9729-2D50AC3DF7CE}.Release|Any CPU.Build.0 = Release|Any CPU
		{D87B3615-84C0-4B4D-BA5C-3B9C5898804A}.Debug|Any CPU.ActiveCfg = Debug|Any CPU
		{D87B3615-84C0-4B4D-BA5C-3B9C5898804A}.Debug|Any CPU.Build.0 = Debug|Any CPU
		{D87B3615-84C0-4B4D-BA5C-3B9C5898804A}.Release|Any CPU.ActiveCfg = Release|Any CPU
		{D87B3615-84C0-4B4D-BA5C-3B9C5898804A}.Release|Any CPU.Build.0 = Release|Any CPU
	EndGlobalSection
	GlobalSection(SolutionProperties) = preSolution
		HideSolutionNode = FALSE
	EndGlobalSection
	GlobalSection(ExtensibilityGlobals) = postSolution
		SolutionGuid = {1954A5B4-48D8-42B8-AD4B-2801A7E078CE}
	EndGlobalSection
EndGlobal
